// !$*UTF8*$!
{
	archiveVersion = 1;
	classes = {
	};
	objectVersion = 46;
	objects = {

/* Begin PBXBuildFile section */
		5BB25B7F4A41FA334F5ED9FC /* Pods_SpaceitTest.framework in Frameworks */ = {isa = PBXBuildFile; fileRef = 6CB960FD32302D624101090E /* Pods_SpaceitTest.framework */; };
		90A3DEC0799481DA16166AE2 /* Pods_SpaceitTestTests.framework in Frameworks */ = {isa = PBXBuildFile; fileRef = 08E828DB4957E8701A3AAF1C /* Pods_SpaceitTestTests.framework */; };
		931AD177A773F458DF9E5D5B /* MainScreenInteractorType.swift in Sources */ = {isa = PBXBuildFile; fileRef = 931AD24A7B5956ADBF1AD179 /* MainScreenInteractorType.swift */; };
		931AD283AD2C1BBF221883A1 /* WindInfoVO.swift in Sources */ = {isa = PBXBuildFile; fileRef = 931AD68B27913651CEE97B9C /* WindInfoVO.swift */; };
		931AD2B93A9A55A7BA17EFD8 /* WeatherDataVO.swift in Sources */ = {isa = PBXBuildFile; fileRef = 931AD6FC92A1226178FE5313 /* WeatherDataVO.swift */; };
		931AD3D2800997F2132CA8F6 /* LaunchScreen.storyboard in Resources */ = {isa = PBXBuildFile; fileRef = 931AD05C221FDB3686CEA391 /* LaunchScreen.storyboard */; };
		931AD472B513D7F0B4E578DD /* WindInfoType.swift in Sources */ = {isa = PBXBuildFile; fileRef = 931AD81888F56E7E38ED0583 /* WindInfoType.swift */; };
		931AD67C4813DF9EE5C18905 /* MainScreenInteractor.swift in Sources */ = {isa = PBXBuildFile; fileRef = 931ADDA46E3347577B52DE7D /* MainScreenInteractor.swift */; };
		931AD6F5836B198BBCE2C8DE /* WeatherDataType.swift in Sources */ = {isa = PBXBuildFile; fileRef = 931AD81C4BDB2A3128D3BAA0 /* WeatherDataType.swift */; };
		931AD84BAABA1C933FF009EE /* MainScreenPresenterNotifyType.swift in Sources */ = {isa = PBXBuildFile; fileRef = 931ADE77D1247FEAF2727865 /* MainScreenPresenterNotifyType.swift */; };
		931AD934EE087716CB70929B /* StoreError.swift in Sources */ = {isa = PBXBuildFile; fileRef = 931AD9CF18F7652A553915A4 /* StoreError.swift */; };
		931AD9FBE0BB4476542F11C1 /* AppDelegate.swift in Sources */ = {isa = PBXBuildFile; fileRef = 931AD60CE80C64D948BB1D05 /* AppDelegate.swift */; };
		931ADA2866BCDD8AB163A378 /* NetworkError.swift in Sources */ = {isa = PBXBuildFile; fileRef = 931ADECF048D6F1FD6B782A7 /* NetworkError.swift */; };
		931ADE1EE36BF8F8CA0240B7 /* CLLocationCoordinate2D+Decodable.swift in Sources */ = {isa = PBXBuildFile; fileRef = 931ADB1D38F5ECF3F95DA544 /* CLLocationCoordinate2D+Decodable.swift */; };
		931ADE42ACA4F7DDF5ECE7CF /* MainScreenApiTestSpec.swift in Sources */ = {isa = PBXBuildFile; fileRef = 931ADF3BE8DA802CDB2A2F4E /* MainScreenApiTestSpec.swift */; };
		931ADE5933FB0EAF9DA0EF4E /* Assets.xcassets in Resources */ = {isa = PBXBuildFile; fileRef = 931ADE70A00DD33C2A88178C /* Assets.xcassets */; };
		931ADFCD00DE1C93937B34B1 /* WeatherDataTestSpec.swift in Sources */ = {isa = PBXBuildFile; fileRef = 931AD46FEC6CD9C1CC4FE0C2 /* WeatherDataTestSpec.swift */; };
/* End PBXBuildFile section */

/* Begin PBXContainerItemProxy section */
		931ADD2AD0F930DA255CDA7F /* PBXContainerItemProxy */ = {
			isa = PBXContainerItemProxy;
			containerPortal = 931ADDD371AA7E7E3033DF50 /* Project object */;
			proxyType = 1;
			remoteGlobalIDString = 931AD00CD02F6A005BB1943D;
			remoteInfo = SpaceitTest;
		};
/* End PBXContainerItemProxy section */

/* Begin PBXFileReference section */
		08E828DB4957E8701A3AAF1C /* Pods_SpaceitTestTests.framework */ = {isa = PBXFileReference; explicitFileType = wrapper.framework; includeInIndex = 0; path = Pods_SpaceitTestTests.framework; sourceTree = BUILT_PRODUCTS_DIR; };
		1DAD5F4020BD975E0081EC89 /* SpaceitTest.entitlements */ = {isa = PBXFileReference; lastKnownFileType = text.plist.entitlements; path = SpaceitTest.entitlements; sourceTree = "<group>"; };
		6CB960FD32302D624101090E /* Pods_SpaceitTest.framework */ = {isa = PBXFileReference; explicitFileType = wrapper.framework; includeInIndex = 0; path = Pods_SpaceitTest.framework; sourceTree = BUILT_PRODUCTS_DIR; };
		931AD0036A1C8EE96F2686C3 /* SpaceitTestTests.xctest */ = {isa = PBXFileReference; explicitFileType = wrapper.cfbundle; includeInIndex = 0; path = SpaceitTestTests.xctest; sourceTree = BUILT_PRODUCTS_DIR; };
		931AD24A7B5956ADBF1AD179 /* MainScreenInteractorType.swift */ = {isa = PBXFileReference; fileEncoding = 4; lastKnownFileType = sourcecode.swift; path = MainScreenInteractorType.swift; sourceTree = "<group>"; };
		931AD46FEC6CD9C1CC4FE0C2 /* WeatherDataTestSpec.swift */ = {isa = PBXFileReference; fileEncoding = 4; lastKnownFileType = sourcecode.swift; path = WeatherDataTestSpec.swift; sourceTree = "<group>"; };
		931AD60CE80C64D948BB1D05 /* AppDelegate.swift */ = {isa = PBXFileReference; lastKnownFileType = sourcecode.swift; path = AppDelegate.swift; sourceTree = "<group>"; };
		931AD68B27913651CEE97B9C /* WindInfoVO.swift */ = {isa = PBXFileReference; fileEncoding = 4; lastKnownFileType = sourcecode.swift; path = WindInfoVO.swift; sourceTree = "<group>"; };
		931AD6FC92A1226178FE5313 /* WeatherDataVO.swift */ = {isa = PBXFileReference; fileEncoding = 4; lastKnownFileType = sourcecode.swift; path = WeatherDataVO.swift; sourceTree = "<group>"; };
		931AD81888F56E7E38ED0583 /* WindInfoType.swift */ = {isa = PBXFileReference; fileEncoding = 4; lastKnownFileType = sourcecode.swift; path = WindInfoType.swift; sourceTree = "<group>"; };
		931AD81C4BDB2A3128D3BAA0 /* WeatherDataType.swift */ = {isa = PBXFileReference; fileEncoding = 4; lastKnownFileType = sourcecode.swift; path = WeatherDataType.swift; sourceTree = "<group>"; };
		931AD8B23EF5A8F46D68AB25 /* Base */ = {isa = PBXFileReference; lastKnownFileType = file.storyboard; name = Base; path = Base.lproj/LaunchScreen.storyboard; sourceTree = "<group>"; };
		931AD9CF18F7652A553915A4 /* StoreError.swift */ = {isa = PBXFileReference; fileEncoding = 4; lastKnownFileType = sourcecode.swift; path = StoreError.swift; sourceTree = "<group>"; };
		931ADA31F28530EE1A28FBF6 /* Info.plist */ = {isa = PBXFileReference; lastKnownFileType = text.plist.info; path = Info.plist; sourceTree = "<group>"; };
		931ADB1D38F5ECF3F95DA544 /* CLLocationCoordinate2D+Decodable.swift */ = {isa = PBXFileReference; fileEncoding = 4; lastKnownFileType = sourcecode.swift; path = "CLLocationCoordinate2D+Decodable.swift"; sourceTree = "<group>"; };
		931ADC5827C04D79A14B1095 /* SpaceitTest.app */ = {isa = PBXFileReference; explicitFileType = wrapper.application; includeInIndex = 0; path = SpaceitTest.app; sourceTree = BUILT_PRODUCTS_DIR; };
		931ADDA46E3347577B52DE7D /* MainScreenInteractor.swift */ = {isa = PBXFileReference; fileEncoding = 4; lastKnownFileType = sourcecode.swift; path = MainScreenInteractor.swift; sourceTree = "<group>"; };
		931ADDEA0E922F3F5478311E /* Info.plist */ = {isa = PBXFileReference; lastKnownFileType = text.plist.info; path = Info.plist; sourceTree = "<group>"; };
		931ADE70A00DD33C2A88178C /* Assets.xcassets */ = {isa = PBXFileReference; lastKnownFileType = folder.assetcatalog; path = Assets.xcassets; sourceTree = "<group>"; };
		931ADE77D1247FEAF2727865 /* MainScreenPresenterNotifyType.swift */ = {isa = PBXFileReference; fileEncoding = 4; lastKnownFileType = sourcecode.swift; path = MainScreenPresenterNotifyType.swift; sourceTree = "<group>"; };
		931ADECF048D6F1FD6B782A7 /* NetworkError.swift */ = {isa = PBXFileReference; fileEncoding = 4; lastKnownFileType = sourcecode.swift; path = NetworkError.swift; sourceTree = "<group>"; };
		931ADF3BE8DA802CDB2A2F4E /* MainScreenApiTestSpec.swift */ = {isa = PBXFileReference; fileEncoding = 4; lastKnownFileType = sourcecode.swift; path = MainScreenApiTestSpec.swift; sourceTree = "<group>"; };
		96DAF539026F3E505D317DA2 /* Pods-SpaceitTest.release.xcconfig */ = {isa = PBXFileReference; includeInIndex = 1; lastKnownFileType = text.xcconfig; name = "Pods-SpaceitTest.release.xcconfig"; path = "Pods/Target Support Files/Pods-SpaceitTest/Pods-SpaceitTest.release.xcconfig"; sourceTree = "<group>"; };
		9C21428895EB26F880A27194 /* Pods-SpaceitTestTests.debug.xcconfig */ = {isa = PBXFileReference; includeInIndex = 1; lastKnownFileType = text.xcconfig; name = "Pods-SpaceitTestTests.debug.xcconfig"; path = "Pods/Target Support Files/Pods-SpaceitTestTests/Pods-SpaceitTestTests.debug.xcconfig"; sourceTree = "<group>"; };
		E0A06487768A4B1D6F95425C /* Pods-SpaceitTest.debug.xcconfig */ = {isa = PBXFileReference; includeInIndex = 1; lastKnownFileType = text.xcconfig; name = "Pods-SpaceitTest.debug.xcconfig"; path = "Pods/Target Support Files/Pods-SpaceitTest/Pods-SpaceitTest.debug.xcconfig"; sourceTree = "<group>"; };
		F5BA3BA7760C938F5CE95752 /* Pods-SpaceitTestTests.release.xcconfig */ = {isa = PBXFileReference; includeInIndex = 1; lastKnownFileType = text.xcconfig; name = "Pods-SpaceitTestTests.release.xcconfig"; path = "Pods/Target Support Files/Pods-SpaceitTestTests/Pods-SpaceitTestTests.release.xcconfig"; sourceTree = "<group>"; };
/* End PBXFileReference section */

/* Begin PBXFrameworksBuildPhase section */
		931AD94F60E9AC7A44E8450F /* Frameworks */ = {
			isa = PBXFrameworksBuildPhase;
			buildActionMask = 2147483647;
			files = (
				5BB25B7F4A41FA334F5ED9FC /* Pods_SpaceitTest.framework in Frameworks */,
			);
			runOnlyForDeploymentPostprocessing = 0;
		};
		931ADE61D4E0D997760BB63E /* Frameworks */ = {
			isa = PBXFrameworksBuildPhase;
			buildActionMask = 2147483647;
			files = (
				90A3DEC0799481DA16166AE2 /* Pods_SpaceitTestTests.framework in Frameworks */,
			);
			runOnlyForDeploymentPostprocessing = 0;
		};
/* End PBXFrameworksBuildPhase section */

/* Begin PBXGroup section */
		62F204C315ACF35E5B37DE85 /* Pods */ = {
			isa = PBXGroup;
			children = (
				E0A06487768A4B1D6F95425C /* Pods-SpaceitTest.debug.xcconfig */,
				96DAF539026F3E505D317DA2 /* Pods-SpaceitTest.release.xcconfig */,
				9C21428895EB26F880A27194 /* Pods-SpaceitTestTests.debug.xcconfig */,
				F5BA3BA7760C938F5CE95752 /* Pods-SpaceitTestTests.release.xcconfig */,
			);
			name = Pods;
			sourceTree = "<group>";
		};
		931AD03C519E6E650AC91E40 /* WeatherData */ = {
			isa = PBXGroup;
			children = (
				931AD81C4BDB2A3128D3BAA0 /* WeatherDataType.swift */,
				931AD6FC92A1226178FE5313 /* WeatherDataVO.swift */,
				931AD81888F56E7E38ED0583 /* WindInfoType.swift */,
				931AD68B27913651CEE97B9C /* WindInfoVO.swift */,
			);
			path = WeatherData;
			sourceTree = "<group>";
		};
		931AD06E41A504060C634DC5 /* SpaceitTest */ = {
			isa = PBXGroup;
			children = (
				1DAD5F4020BD975E0081EC89 /* SpaceitTest.entitlements */,
				931ADA31F28530EE1A28FBF6 /* Info.plist */,
				931ADE70A00DD33C2A88178C /* Assets.xcassets */,
				931AD05C221FDB3686CEA391 /* LaunchScreen.storyboard */,
				931AD60CE80C64D948BB1D05 /* AppDelegate.swift */,
				931ADAD0F1DB00FC1CF087FD /* MainScreen */,
				931ADD5F3C1176E0A25685C4 /* Model */,
			);
			path = SpaceitTest;
			sourceTree = "<group>";
		};
		931AD2A44F4E90AA337CEB46 /* Errors */ = {
			isa = PBXGroup;
			children = (
				931ADECF048D6F1FD6B782A7 /* NetworkError.swift */,
				931AD9CF18F7652A553915A4 /* StoreError.swift */,
			);
			path = Errors;
			sourceTree = "<group>";
		};
		931AD2B0C68966FA9D69727B /* SpaceitTestTests */ = {
			isa = PBXGroup;
			children = (
				931ADDEA0E922F3F5478311E /* Info.plist */,
				931ADF3BE8DA802CDB2A2F4E /* MainScreenApiTestSpec.swift */,
				931AD46FEC6CD9C1CC4FE0C2 /* WeatherDataTestSpec.swift */,
			);
			path = SpaceitTestTests;
			sourceTree = "<group>";
		};
		931AD52D4F1C20D388794AE0 /* Support */ = {
			isa = PBXGroup;
			children = (
				931ADB1D38F5ECF3F95DA544 /* CLLocationCoordinate2D+Decodable.swift */,
			);
			path = Support;
			sourceTree = "<group>";
		};
		931AD6F334EEF41B051059DF /* Products */ = {
			isa = PBXGroup;
			children = (
				931ADC5827C04D79A14B1095 /* SpaceitTest.app */,
				931AD0036A1C8EE96F2686C3 /* SpaceitTestTests.xctest */,
			);
			name = Products;
			sourceTree = "<group>";
		};
		931ADAD0F1DB00FC1CF087FD /* MainScreen */ = {
			isa = PBXGroup;
			children = (
				931AD24A7B5956ADBF1AD179 /* MainScreenInteractorType.swift */,
				931ADDA46E3347577B52DE7D /* MainScreenInteractor.swift */,
				931ADE77D1247FEAF2727865 /* MainScreenPresenterNotifyType.swift */,
			);
			path = MainScreen;
			sourceTree = "<group>";
		};
		931ADCDDC00EC54BB20435AC = {
			isa = PBXGroup;
			children = (
				931AD6F334EEF41B051059DF /* Products */,
				931AD06E41A504060C634DC5 /* SpaceitTest */,
				931AD2B0C68966FA9D69727B /* SpaceitTestTests */,
				62F204C315ACF35E5B37DE85 /* Pods */,
				E1F87124B7A75763EB4F99B2 /* Frameworks */,
			);
			sourceTree = "<group>";
		};
		931ADD5F3C1176E0A25685C4 /* Model */ = {
			isa = PBXGroup;
			children = (
				931AD03C519E6E650AC91E40 /* WeatherData */,
				931AD52D4F1C20D388794AE0 /* Support */,
				931AD2A44F4E90AA337CEB46 /* Errors */,
			);
			path = Model;
			sourceTree = "<group>";
		};
		E1F87124B7A75763EB4F99B2 /* Frameworks */ = {
			isa = PBXGroup;
			children = (
				6CB960FD32302D624101090E /* Pods_SpaceitTest.framework */,
				08E828DB4957E8701A3AAF1C /* Pods_SpaceitTestTests.framework */,
			);
			name = Frameworks;
			sourceTree = "<group>";
		};
/* End PBXGroup section */

/* Begin PBXNativeTarget section */
		931AD00CD02F6A005BB1943D /* SpaceitTest */ = {
			isa = PBXNativeTarget;
			buildConfigurationList = 931AD05A51A67F175901116C /* Build configuration list for PBXNativeTarget "SpaceitTest" */;
			buildPhases = (
				2BAD4AB07D39CAD05A61520C /* [CP] Check Pods Manifest.lock */,
				931AD85E0F2D5B930EF26C2E /* Sources */,
				931AD94F60E9AC7A44E8450F /* Frameworks */,
				931ADF8D7C89A6DA004BF3BC /* Resources */,
				84B98014E85E39C14D6A5AEC /* [CP] Embed Pods Frameworks */,
			);
			buildRules = (
			);
			dependencies = (
			);
			name = SpaceitTest;
			productName = SpaceitTest;
			productReference = 931ADC5827C04D79A14B1095 /* SpaceitTest.app */;
			productType = "com.apple.product-type.application";
		};
		931ADDAA7E2EA1862E5A1E19 /* SpaceitTestTests */ = {
			isa = PBXNativeTarget;
			buildConfigurationList = 931ADFE49971203CD03D510D /* Build configuration list for PBXNativeTarget "SpaceitTestTests" */;
			buildPhases = (
				73EB26F9DFB321E490604E3D /* [CP] Check Pods Manifest.lock */,
				931AD523B9B46A008C0D0B62 /* Sources */,
				931ADE61D4E0D997760BB63E /* Frameworks */,
				931AD0348EBD53246A6D79CC /* Resources */,
				3F1D0D30439C9059B336AB4B /* [CP] Embed Pods Frameworks */,
			);
			buildRules = (
			);
			dependencies = (
				931ADDFE95929DD0E9932A3B /* PBXTargetDependency */,
			);
			name = SpaceitTestTests;
			productName = SpaceitTestTests;
			productReference = 931AD0036A1C8EE96F2686C3 /* SpaceitTestTests.xctest */;
			productType = "com.apple.product-type.bundle.unit-test";
		};
/* End PBXNativeTarget section */

/* Begin PBXProject section */
		931ADDD371AA7E7E3033DF50 /* Project object */ = {
			isa = PBXProject;
			attributes = {
				ORGANIZATIONNAME = "Jan Kaše";
				TargetAttributes = {
					931AD00CD02F6A005BB1943D = {
						DevelopmentTeam = 8WS8N285FL;
						SystemCapabilities = {
							com.apple.DataProtection = {
								enabled = 0;
							};
						};
					};
				};
			};
			buildConfigurationList = 931AD967571221AF22104046 /* Build configuration list for PBXProject "SpaceitTest" */;
			compatibilityVersion = "Xcode 3.2";
			developmentRegion = English;
			hasScannedForEncodings = 0;
			knownRegions = (
				en,
			);
			mainGroup = 931ADCDDC00EC54BB20435AC;
			productRefGroup = 931AD6F334EEF41B051059DF /* Products */;
			projectDirPath = "";
			projectRoot = "";
			targets = (
				931AD00CD02F6A005BB1943D /* SpaceitTest */,
				931ADDAA7E2EA1862E5A1E19 /* SpaceitTestTests */,
			);
		};
/* End PBXProject section */

/* Begin PBXResourcesBuildPhase section */
		931AD0348EBD53246A6D79CC /* Resources */ = {
			isa = PBXResourcesBuildPhase;
			buildActionMask = 2147483647;
			files = (
			);
			runOnlyForDeploymentPostprocessing = 0;
		};
		931ADF8D7C89A6DA004BF3BC /* Resources */ = {
			isa = PBXResourcesBuildPhase;
			buildActionMask = 2147483647;
			files = (
				931ADE5933FB0EAF9DA0EF4E /* Assets.xcassets in Resources */,
				931AD3D2800997F2132CA8F6 /* LaunchScreen.storyboard in Resources */,
			);
			runOnlyForDeploymentPostprocessing = 0;
		};
/* End PBXResourcesBuildPhase section */

/* Begin PBXShellScriptBuildPhase section */
		2BAD4AB07D39CAD05A61520C /* [CP] Check Pods Manifest.lock */ = {
			isa = PBXShellScriptBuildPhase;
			buildActionMask = 2147483647;
			files = (
			);
			inputPaths = (
				"${PODS_PODFILE_DIR_PATH}/Podfile.lock",
				"${PODS_ROOT}/Manifest.lock",
			);
			name = "[CP] Check Pods Manifest.lock";
			outputPaths = (
				"$(DERIVED_FILE_DIR)/Pods-SpaceitTest-checkManifestLockResult.txt",
			);
			runOnlyForDeploymentPostprocessing = 0;
			shellPath = /bin/sh;
			shellScript = "diff \"${PODS_PODFILE_DIR_PATH}/Podfile.lock\" \"${PODS_ROOT}/Manifest.lock\" > /dev/null\nif [ $? != 0 ] ; then\n    # print error to STDERR\n    echo \"error: The sandbox is not in sync with the Podfile.lock. Run 'pod install' or update your CocoaPods installation.\" >&2\n    exit 1\nfi\n# This output is used by Xcode 'outputs' to avoid re-running this script phase.\necho \"SUCCESS\" > \"${SCRIPT_OUTPUT_FILE_0}\"\n";
			showEnvVarsInLog = 0;
		};
		3F1D0D30439C9059B336AB4B /* [CP] Embed Pods Frameworks */ = {
			isa = PBXShellScriptBuildPhase;
			buildActionMask = 2147483647;
			files = (
			);
			inputPaths = (
				"${SRCROOT}/Pods/Target Support Files/Pods-SpaceitTestTests/Pods-SpaceitTestTests-frameworks.sh",
				"${BUILT_PRODUCTS_DIR}/Nimble/Nimble.framework",
				"${BUILT_PRODUCTS_DIR}/Quick/Quick.framework",
			);
			name = "[CP] Embed Pods Frameworks";
			outputPaths = (
				"${TARGET_BUILD_DIR}/${FRAMEWORKS_FOLDER_PATH}/Nimble.framework",
				"${TARGET_BUILD_DIR}/${FRAMEWORKS_FOLDER_PATH}/Quick.framework",
			);
			runOnlyForDeploymentPostprocessing = 0;
			shellPath = /bin/sh;
			shellScript = "\"${SRCROOT}/Pods/Target Support Files/Pods-SpaceitTestTests/Pods-SpaceitTestTests-frameworks.sh\"\n";
			showEnvVarsInLog = 0;
		};
		73EB26F9DFB321E490604E3D /* [CP] Check Pods Manifest.lock */ = {
			isa = PBXShellScriptBuildPhase;
			buildActionMask = 2147483647;
			files = (
			);
			inputPaths = (
				"${PODS_PODFILE_DIR_PATH}/Podfile.lock",
				"${PODS_ROOT}/Manifest.lock",
			);
			name = "[CP] Check Pods Manifest.lock";
			outputPaths = (
				"$(DERIVED_FILE_DIR)/Pods-SpaceitTestTests-checkManifestLockResult.txt",
			);
			runOnlyForDeploymentPostprocessing = 0;
			shellPath = /bin/sh;
			shellScript = "diff \"${PODS_PODFILE_DIR_PATH}/Podfile.lock\" \"${PODS_ROOT}/Manifest.lock\" > /dev/null\nif [ $? != 0 ] ; then\n    # print error to STDERR\n    echo \"error: The sandbox is not in sync with the Podfile.lock. Run 'pod install' or update your CocoaPods installation.\" >&2\n    exit 1\nfi\n# This output is used by Xcode 'outputs' to avoid re-running this script phase.\necho \"SUCCESS\" > \"${SCRIPT_OUTPUT_FILE_0}\"\n";
			showEnvVarsInLog = 0;
		};
		84B98014E85E39C14D6A5AEC /* [CP] Embed Pods Frameworks */ = {
			isa = PBXShellScriptBuildPhase;
			buildActionMask = 2147483647;
			files = (
			);
			inputPaths = (
				"${SRCROOT}/Pods/Target Support Files/Pods-SpaceitTest/Pods-SpaceitTest-frameworks.sh",
				"${BUILT_PRODUCTS_DIR}/Alamofire/Alamofire.framework",
			);
			name = "[CP] Embed Pods Frameworks";
			outputPaths = (
				"${TARGET_BUILD_DIR}/${FRAMEWORKS_FOLDER_PATH}/Alamofire.framework",
			);
			runOnlyForDeploymentPostprocessing = 0;
			shellPath = /bin/sh;
			shellScript = "\"${SRCROOT}/Pods/Target Support Files/Pods-SpaceitTest/Pods-SpaceitTest-frameworks.sh\"\n";
			showEnvVarsInLog = 0;
		};
/* End PBXShellScriptBuildPhase section */

/* Begin PBXSourcesBuildPhase section */
		931AD523B9B46A008C0D0B62 /* Sources */ = {
			isa = PBXSourcesBuildPhase;
			buildActionMask = 2147483647;
			files = (
				931ADE42ACA4F7DDF5ECE7CF /* MainScreenApiTestSpec.swift in Sources */,
				931ADFCD00DE1C93937B34B1 /* WeatherDataTestSpec.swift in Sources */,
			);
			runOnlyForDeploymentPostprocessing = 0;
		};
		931AD85E0F2D5B930EF26C2E /* Sources */ = {
			isa = PBXSourcesBuildPhase;
			buildActionMask = 2147483647;
			files = (
				931AD9FBE0BB4476542F11C1 /* AppDelegate.swift in Sources */,
				931AD177A773F458DF9E5D5B /* MainScreenInteractorType.swift in Sources */,
				931AD67C4813DF9EE5C18905 /* MainScreenInteractor.swift in Sources */,
				931AD84BAABA1C933FF009EE /* MainScreenPresenterNotifyType.swift in Sources */,
				931AD6F5836B198BBCE2C8DE /* WeatherDataType.swift in Sources */,
				931AD2B93A9A55A7BA17EFD8 /* WeatherDataVO.swift in Sources */,
				931AD472B513D7F0B4E578DD /* WindInfoType.swift in Sources */,
				931ADE1EE36BF8F8CA0240B7 /* CLLocationCoordinate2D+Decodable.swift in Sources */,
				931AD283AD2C1BBF221883A1 /* WindInfoVO.swift in Sources */,
				931ADA2866BCDD8AB163A378 /* NetworkError.swift in Sources */,
				931AD934EE087716CB70929B /* StoreError.swift in Sources */,
			);
			runOnlyForDeploymentPostprocessing = 0;
		};
/* End PBXSourcesBuildPhase section */

/* Begin PBXTargetDependency section */
		931ADDFE95929DD0E9932A3B /* PBXTargetDependency */ = {
			isa = PBXTargetDependency;
			target = 931AD00CD02F6A005BB1943D /* SpaceitTest */;
			targetProxy = 931ADD2AD0F930DA255CDA7F /* PBXContainerItemProxy */;
		};
/* End PBXTargetDependency section */

/* Begin PBXVariantGroup section */
		931AD05C221FDB3686CEA391 /* LaunchScreen.storyboard */ = {
			isa = PBXVariantGroup;
			children = (
				931AD8B23EF5A8F46D68AB25 /* Base */,
			);
			name = LaunchScreen.storyboard;
			sourceTree = "<group>";
		};
/* End PBXVariantGroup section */

/* Begin XCBuildConfiguration section */
		931AD09879BBC34108E67B12 /* Debug */ = {
			isa = XCBuildConfiguration;
			baseConfigurationReference = E0A06487768A4B1D6F95425C /* Pods-SpaceitTest.debug.xcconfig */;
			buildSettings = {
				ASSETCATALOG_COMPILER_APPICON_NAME = AppIcon;
				DEVELOPMENT_TEAM = 8WS8N285FL;
				INFOPLIST_FILE = SpaceitTest/Info.plist;
				IPHONEOS_DEPLOYMENT_TARGET = 10.0;
				LD_RUNPATH_SEARCH_PATHS = "$(inherited) @executable_path/Frameworks";
				PRODUCT_BUNDLE_IDENTIFIER = eu.jkdev.SpaceitTest;
				PRODUCT_NAME = "$(TARGET_NAME)";
				SWIFT_VERSION = 4.0;
				TARGETED_DEVICE_FAMILY = "1,2";
			};
			name = Debug;
		};
		931AD0D5B8077C90D627460D /* Release */ = {
			isa = XCBuildConfiguration;
			buildSettings = {
				ALWAYS_SEARCH_USER_PATHS = NO;
				CLANG_ANALYZER_NONNULL = YES;
				CLANG_ANALYZER_NUMBER_OBJECT_CONVERSION = YES_AGGRESSIVE;
				CLANG_CXX_LANGUAGE_STANDARD = "gnu++14";
				CLANG_CXX_LIBRARY = "libc++";
				CLANG_ENABLE_MODULES = YES;
				CLANG_ENABLE_OBJC_ARC = YES;
				CLANG_ENABLE_OBJC_WEAK = YES;
				CLANG_WARN_BLOCK_CAPTURE_AUTORELEASING = YES;
				CLANG_WARN_BOOL_CONVERSION = YES;
				CLANG_WARN_COMMA = YES;
				CLANG_WARN_CONSTANT_CONVERSION = YES;
				CLANG_WARN_DEPRECATED_OBJC_IMPLEMENTATIONS = YES;
				CLANG_WARN_DIRECT_OBJC_ISA_USAGE = YES_ERROR;
				CLANG_WARN_DOCUMENTATION_COMMENTS = YES;
				CLANG_WARN_EMPTY_BODY = YES;
				CLANG_WARN_ENUM_CONVERSION = YES;
				CLANG_WARN_INFINITE_RECURSION = YES;
				CLANG_WARN_INT_CONVERSION = YES;
				CLANG_WARN_NON_LITERAL_NULL_CONVERSION = YES;
				CLANG_WARN_OBJC_IMPLICIT_RETAIN_SELF = YES;
				CLANG_WARN_OBJC_LITERAL_CONVERSION = YES;
				CLANG_WARN_OBJC_ROOT_CLASS = YES_ERROR;
				CLANG_WARN_RANGE_LOOP_ANALYSIS = YES;
				CLANG_WARN_STRICT_PROTOTYPES = YES;
				CLANG_WARN_SUSPICIOUS_MOVE = YES;
				CLANG_WARN_UNGUARDED_AVAILABILITY = YES_AGGRESSIVE;
				CLANG_WARN_UNREACHABLE_CODE = YES;
				CLANG_WARN__DUPLICATE_METHOD_MATCH = YES;
				CODE_SIGN_IDENTITY = "iPhone Developer";
				COPY_PHASE_STRIP = NO;
				DEBUG_INFORMATION_FORMAT = "dwarf-with-dsym";
				ENABLE_NS_ASSERTIONS = NO;
				ENABLE_STRICT_OBJC_MSGSEND = YES;
				GCC_C_LANGUAGE_STANDARD = gnu11;
				GCC_NO_COMMON_BLOCKS = YES;
				GCC_WARN_64_TO_32_BIT_CONVERSION = YES;
				GCC_WARN_ABOUT_RETURN_TYPE = YES_ERROR;
				GCC_WARN_UNDECLARED_SELECTOR = YES;
				GCC_WARN_UNINITIALIZED_AUTOS = YES_AGGRESSIVE;
				GCC_WARN_UNUSED_FUNCTION = YES;
				GCC_WARN_UNUSED_VARIABLE = YES;
				IPHONEOS_DEPLOYMENT_TARGET = 11.3;
				MTL_ENABLE_DEBUG_INFO = NO;
				SDKROOT = iphoneos;
				SWIFT_OPTIMIZATION_LEVEL = "-Owholemodule";
				VALIDATE_PRODUCT = YES;
			};
			name = Release;
		};
		931AD190EA977100998197E2 /* Debug */ = {
			isa = XCBuildConfiguration;
			baseConfigurationReference = 9C21428895EB26F880A27194 /* Pods-SpaceitTestTests.debug.xcconfig */;
			buildSettings = {
				BUNDLE_LOADER = "$(BUILT_PRODUCTS_DIR)/SpaceitTest.app/SpaceitTest";
				INFOPLIST_FILE = SpaceitTestTests/Info.plist;
				LD_RUNPATH_SEARCH_PATHS = "$(inherited) @executable_path/Frameworks @loader_path/Frameworks";
				PRODUCT_BUNDLE_IDENTIFIER = eu.jkdev.SpaceitTestTests;
				PRODUCT_NAME = "$(TARGET_NAME)";
				SWIFT_VERSION = 4.0;
				TARGETED_DEVICE_FAMILY = "1,2";
				TEST_HOST = "$(BUNDLE_LOADER)";
			};
			name = Debug;
		};
		931AD3ABB62E96B9B22EDFDC /* Release */ = {
			isa = XCBuildConfiguration;
			baseConfigurationReference = 96DAF539026F3E505D317DA2 /* Pods-SpaceitTest.release.xcconfig */;
			buildSettings = {
				ASSETCATALOG_COMPILER_APPICON_NAME = AppIcon;
				DEVELOPMENT_TEAM = 8WS8N285FL;
				INFOPLIST_FILE = SpaceitTest/Info.plist;
				IPHONEOS_DEPLOYMENT_TARGET = 10.0;
				LD_RUNPATH_SEARCH_PATHS = "$(inherited) @executable_path/Frameworks";
				PRODUCT_BUNDLE_IDENTIFIER = eu.jkdev.SpaceitTest;
				PRODUCT_NAME = "$(TARGET_NAME)";
				SWIFT_VERSION = 4.0;
				TARGETED_DEVICE_FAMILY = "1,2";
			};
			name = Release;
		};
		931AD51EB4A9C238D765FA32 /* Debug */ = {
			isa = XCBuildConfiguration;
			buildSettings = {
				ALWAYS_SEARCH_USER_PATHS = NO;
				CLANG_ANALYZER_NONNULL = YES;
				CLANG_ANALYZER_NUMBER_OBJECT_CONVERSION = YES_AGGRESSIVE;
				CLANG_CXX_LANGUAGE_STANDARD = "gnu++14";
				CLANG_CXX_LIBRARY = "libc++";
				CLANG_ENABLE_MODULES = YES;
				CLANG_ENABLE_OBJC_ARC = YES;
				CLANG_ENABLE_OBJC_WEAK = YES;
				CLANG_WARN_BLOCK_CAPTURE_AUTORELEASING = YES;
				CLANG_WARN_BOOL_CONVERSION = YES;
				CLANG_WARN_COMMA = YES;
				CLANG_WARN_CONSTANT_CONVERSION = YES;
				CLANG_WARN_DEPRECATED_OBJC_IMPLEMENTATIONS = YES;
				CLANG_WARN_DIRECT_OBJC_ISA_USAGE = YES_ERROR;
				CLANG_WARN_DOCUMENTATION_COMMENTS = YES;
				CLANG_WARN_EMPTY_BODY = YES;
				CLANG_WARN_ENUM_CONVERSION = YES;
				CLANG_WARN_INFINITE_RECURSION = YES;
				CLANG_WARN_INT_CONVERSION = YES;
				CLANG_WARN_NON_LITERAL_NULL_CONVERSION = YES;
				CLANG_WARN_OBJC_IMPLICIT_RETAIN_SELF = YES;
				CLANG_WARN_OBJC_LITERAL_CONVERSION = YES;
				CLANG_WARN_OBJC_ROOT_CLASS = YES_ERROR;
				CLANG_WARN_RANGE_LOOP_ANALYSIS = YES;
				CLANG_WARN_STRICT_PROTOTYPES = YES;
				CLANG_WARN_SUSPICIOUS_MOVE = YES;
				CLANG_WARN_UNGUARDED_AVAILABILITY = YES_AGGRESSIVE;
				CLANG_WARN_UNREACHABLE_CODE = YES;
				CLANG_WARN__DUPLICATE_METHOD_MATCH = YES;
				CODE_SIGN_IDENTITY = "iPhone Developer";
				COPY_PHASE_STRIP = NO;
				DEBUG_INFORMATION_FORMAT = dwarf;
				ENABLE_STRICT_OBJC_MSGSEND = YES;
				ENABLE_TESTABILITY = YES;
				GCC_C_LANGUAGE_STANDARD = gnu11;
				GCC_DYNAMIC_NO_PIC = NO;
				GCC_NO_COMMON_BLOCKS = YES;
				GCC_OPTIMIZATION_LEVEL = 0;
				GCC_PREPROCESSOR_DEFINITIONS = (
					"DEBUG=1",
					"$(inherited)",
				);
				GCC_WARN_64_TO_32_BIT_CONVERSION = YES;
				GCC_WARN_ABOUT_RETURN_TYPE = YES_ERROR;
				GCC_WARN_UNDECLARED_SELECTOR = YES;
				GCC_WARN_UNINITIALIZED_AUTOS = YES_AGGRESSIVE;
				GCC_WARN_UNUSED_FUNCTION = YES;
				GCC_WARN_UNUSED_VARIABLE = YES;
				IPHONEOS_DEPLOYMENT_TARGET = 11.3;
				MTL_ENABLE_DEBUG_INFO = YES;
				ONLY_ACTIVE_ARCH = YES;
				SDKROOT = iphoneos;
				SWIFT_ACTIVE_COMPILATION_CONDITIONS = DEBUG;
				SWIFT_OPTIMIZATION_LEVEL = "-Onone";
			};
			name = Debug;
		};
		931ADA75C3846B92A96F5A5E /* Release */ = {
			isa = XCBuildConfiguration;
			baseConfigurationReference = F5BA3BA7760C938F5CE95752 /* Pods-SpaceitTestTests.release.xcconfig */;
			buildSettings = {
				BUNDLE_LOADER = "$(BUILT_PRODUCTS_DIR)/SpaceitTest.app/SpaceitTest";
				INFOPLIST_FILE = SpaceitTestTests/Info.plist;
				LD_RUNPATH_SEARCH_PATHS = "$(inherited) @executable_path/Frameworks @loader_path/Frameworks";
				PRODUCT_BUNDLE_IDENTIFIER = eu.jkdev.SpaceitTestTests;
				PRODUCT_NAME = "$(TARGET_NAME)";
				SWIFT_VERSION = 4.0;
				TARGETED_DEVICE_FAMILY = "1,2";
				TEST_HOST = "$(BUNDLE_LOADER)";
			};
			name = Release;
		};
/* End XCBuildConfiguration section */

/* Begin XCConfigurationList section */
		931AD05A51A67F175901116C /* Build configuration list for PBXNativeTarget "SpaceitTest" */ = {
			isa = XCConfigurationList;
			buildConfigurations = (
				931AD09879BBC34108E67B12 /* Debug */,
				931AD3ABB62E96B9B22EDFDC /* Release */,
			);
			defaultConfigurationIsVisible = 0;
			defaultConfigurationName = Release;
		};
		931AD967571221AF22104046 /* Build configuration list for PBXProject "SpaceitTest" */ = {
			isa = XCConfigurationList;
			buildConfigurations = (
				931AD51EB4A9C238D765FA32 /* Debug */,
				931AD0D5B8077C90D627460D /* Release */,
			);
			defaultConfigurationIsVisible = 0;
			defaultConfigurationName = Release;
		};
		931ADFE49971203CD03D510D /* Build configuration list for PBXNativeTarget "SpaceitTestTests" */ = {
			isa = XCConfigurationList;
			buildConfigurations = (
				931AD190EA977100998197E2 /* Debug */,
				931ADA75C3846B92A96F5A5E /* Release */,
			);
			defaultConfigurationIsVisible = 0;
			defaultConfigurationName = Release;
		};
/* End XCConfigurationList section */
	};
	rootObject = 931ADDD371AA7E7E3033DF50 /* Project object */;
}
