// !$*UTF8*$!
{
	archiveVersion = 1;
	classes = {
	};
	objectVersion = 46;
	objects = {

/* Begin PBXBuildFile section */
		931AD3D2800997F2132CA8F6 /* LaunchScreen.storyboard in Resources */ = {isa = PBXBuildFile; fileRef = 931AD05C221FDB3686CEA391 /* LaunchScreen.storyboard */; };
		931AD5D0791B2D159C8CB1CE /* Main.storyboard in Resources */ = {isa = PBXBuildFile; fileRef = 931ADCE2FDBA659BB78D0CC8 /* Main.storyboard */; };
		931AD751FBF73F33DAC1FFEA /* ViewController.swift in Sources */ = {isa = PBXBuildFile; fileRef = 931AD1C41BAAD2ED28A57C7E /* ViewController.swift */; };
		931AD81781FBC3CCA01D853A /* SpaceitTestTests.swift in Sources */ = {isa = PBXBuildFile; fileRef = 931AD0A9E37ED1A696D8115C /* SpaceitTestTests.swift */; };
		931AD9FBE0BB4476542F11C1 /* AppDelegate.swift in Sources */ = {isa = PBXBuildFile; fileRef = 931AD60CE80C64D948BB1D05 /* AppDelegate.swift */; };
		931ADE5933FB0EAF9DA0EF4E /* Assets.xcassets in Resources */ = {isa = PBXBuildFile; fileRef = 931ADE70A00DD33C2A88178C /* Assets.xcassets */; };
/* End PBXBuildFile section */

/* Begin PBXContainerItemProxy section */
		931ADD2AD0F930DA255CDA7F /* PBXContainerItemProxy */ = {
			isa = PBXContainerItemProxy;
			containerPortal = 931ADDD371AA7E7E3033DF50 /* Project object */;
			proxyType = 1;
			remoteGlobalIDString = 931AD00CD02F6A005BB1943D;
			remoteInfo = SpaceitTest;
		};
/* End PBXContainerItemProxy section */

/* Begin PBXFileReference section */
		931AD0036A1C8EE96F2686C3 /* SpaceitTestTests.xctest */ = {isa = PBXFileReference; explicitFileType = wrapper.cfbundle; includeInIndex = 0; path = SpaceitTestTests.xctest; sourceTree = BUILT_PRODUCTS_DIR; };
		931AD0A9E37ED1A696D8115C /* SpaceitTestTests.swift */ = {isa = PBXFileReference; lastKnownFileType = sourcecode.swift; path = SpaceitTestTests.swift; sourceTree = "<group>"; };
		931AD1C41BAAD2ED28A57C7E /* ViewController.swift */ = {isa = PBXFileReference; lastKnownFileType = sourcecode.swift; path = ViewController.swift; sourceTree = "<group>"; };
		931AD60CE80C64D948BB1D05 /* AppDelegate.swift */ = {isa = PBXFileReference; lastKnownFileType = sourcecode.swift; path = AppDelegate.swift; sourceTree = "<group>"; };
		931AD8B23EF5A8F46D68AB25 /* Base */ = {isa = PBXFileReference; lastKnownFileType = file.storyboard; name = Base; path = Base.lproj/LaunchScreen.storyboard; sourceTree = "<group>"; };
		931ADA31F28530EE1A28FBF6 /* Info.plist */ = {isa = PBXFileReference; lastKnownFileType = text.plist.info; path = Info.plist; sourceTree = "<group>"; };
		931ADC5827C04D79A14B1095 /* SpaceitTest.app */ = {isa = PBXFileReference; explicitFileType = wrapper.application; includeInIndex = 0; path = SpaceitTest.app; sourceTree = BUILT_PRODUCTS_DIR; };
		931ADDEA0E922F3F5478311E /* Info.plist */ = {isa = PBXFileReference; lastKnownFileType = text.plist.info; path = Info.plist; sourceTree = "<group>"; };
		931ADE70A00DD33C2A88178C /* Assets.xcassets */ = {isa = PBXFileReference; lastKnownFileType = folder.assetcatalog; path = Assets.xcassets; sourceTree = "<group>"; };
		931ADFF8F47F7B84FFC4A3AB /* Base */ = {isa = PBXFileReference; lastKnownFileType = file.storyboard; name = Base; path = Base.lproj/Main.storyboard; sourceTree = "<group>"; };
/* End PBXFileReference section */

/* Begin PBXFrameworksBuildPhase section */
		931AD94F60E9AC7A44E8450F /* Frameworks */ = {
			isa = PBXFrameworksBuildPhase;
			buildActionMask = 2147483647;
			files = (
			);
			runOnlyForDeploymentPostprocessing = 0;
		};
		931ADE61D4E0D997760BB63E /* Frameworks */ = {
			isa = PBXFrameworksBuildPhase;
			buildActionMask = 2147483647;
			files = (
			);
			runOnlyForDeploymentPostprocessing = 0;
		};
/* End PBXFrameworksBuildPhase section */

/* Begin PBXGroup section */
		931AD06E41A504060C634DC5 /* SpaceitTest */ = {
			isa = PBXGroup;
			children = (
				931ADA31F28530EE1A28FBF6 /* Info.plist */,
				931ADE70A00DD33C2A88178C /* Assets.xcassets */,
				931AD05C221FDB3686CEA391 /* LaunchScreen.storyboard */,
				931AD60CE80C64D948BB1D05 /* AppDelegate.swift */,
				931ADCE2FDBA659BB78D0CC8 /* Main.storyboard */,
				931AD1C41BAAD2ED28A57C7E /* ViewController.swift */,
			);
			path = SpaceitTest;
			sourceTree = "<group>";
		};
		931AD2B0C68966FA9D69727B /* SpaceitTestTests */ = {
			isa = PBXGroup;
			children = (
				931ADDEA0E922F3F5478311E /* Info.plist */,
				931AD0A9E37ED1A696D8115C /* SpaceitTestTests.swift */,
			);
			path = SpaceitTestTests;
			sourceTree = "<group>";
		};
		931AD6F334EEF41B051059DF /* Products */ = {
			isa = PBXGroup;
			children = (
				931ADC5827C04D79A14B1095 /* SpaceitTest.app */,
				931AD0036A1C8EE96F2686C3 /* SpaceitTestTests.xctest */,
			);
			name = Products;
			sourceTree = "<group>";
		};
		931ADCDDC00EC54BB20435AC = {
			isa = PBXGroup;
			children = (
				931AD6F334EEF41B051059DF /* Products */,
				931AD06E41A504060C634DC5 /* SpaceitTest */,
				931AD2B0C68966FA9D69727B /* SpaceitTestTests */,
			);
			sourceTree = "<group>";
		};
/* End PBXGroup section */

/* Begin PBXNativeTarget section */
		931AD00CD02F6A005BB1943D /* SpaceitTest */ = {
			isa = PBXNativeTarget;
			buildConfigurationList = 931AD05A51A67F175901116C /* Build configuration list for PBXNativeTarget "SpaceitTest" */;
			buildPhases = (
				931AD85E0F2D5B930EF26C2E /* Sources */,
				931AD94F60E9AC7A44E8450F /* Frameworks */,
				931ADF8D7C89A6DA004BF3BC /* Resources */,
			);
			buildRules = (
			);
			dependencies = (
			);
			name = SpaceitTest;
			productName = SpaceitTest;
			productReference = 931ADC5827C04D79A14B1095 /* SpaceitTest.app */;
			productType = "com.apple.product-type.application";
		};
		931ADDAA7E2EA1862E5A1E19 /* SpaceitTestTests */ = {
			isa = PBXNativeTarget;
			buildConfigurationList = 931ADFE49971203CD03D510D /* Build configuration list for PBXNativeTarget "SpaceitTestTests" */;
			buildPhases = (
				931AD523B9B46A008C0D0B62 /* Sources */,
				931ADE61D4E0D997760BB63E /* Frameworks */,
				931AD0348EBD53246A6D79CC /* Resources */,
			);
			buildRules = (
			);
			dependencies = (
				931ADDFE95929DD0E9932A3B /* PBXTargetDependency */,
			);
			name = SpaceitTestTests;
			productName = SpaceitTestTests;
			productReference = 931AD0036A1C8EE96F2686C3 /* SpaceitTestTests.xctest */;
			productType = "com.apple.product-type.bundle.unit-test";
		};
/* End PBXNativeTarget section */

/* Begin PBXProject section */
		931ADDD371AA7E7E3033DF50 /* Project object */ = {
			isa = PBXProject;
			attributes = {
				ORGANIZATIONNAME = "Jan Kaše";
			};
			buildConfigurationList = 931AD967571221AF22104046 /* Build configuration list for PBXProject "SpaceitTest" */;
			compatibilityVersion = "Xcode 3.2";
			developmentRegion = English;
			hasScannedForEncodings = 0;
			knownRegions = (
				en,
			);
			mainGroup = 931ADCDDC00EC54BB20435AC;
			productRefGroup = 931AD6F334EEF41B051059DF /* Products */;
			projectDirPath = "";
			projectRoot = "";
			targets = (
				931AD00CD02F6A005BB1943D /* SpaceitTest */,
				931ADDAA7E2EA1862E5A1E19 /* SpaceitTestTests */,
			);
		};
/* End PBXProject section */

/* Begin PBXResourcesBuildPhase section */
		931AD0348EBD53246A6D79CC /* Resources */ = {
			isa = PBXResourcesBuildPhase;
			buildActionMask = 2147483647;
			files = (
			);
			runOnlyForDeploymentPostprocessing = 0;
		};
		931ADF8D7C89A6DA004BF3BC /* Resources */ = {
			isa = PBXResourcesBuildPhase;
			buildActionMask = 2147483647;
			files = (
				931ADE5933FB0EAF9DA0EF4E /* Assets.xcassets in Resources */,
				931AD3D2800997F2132CA8F6 /* LaunchScreen.storyboard in Resources */,
				931AD5D0791B2D159C8CB1CE /* Main.storyboard in Resources */,
			);
			runOnlyForDeploymentPostprocessing = 0;
		};
/* End PBXResourcesBuildPhase section */

/* Begin PBXSourcesBuildPhase section */
		931AD523B9B46A008C0D0B62 /* Sources */ = {
			isa = PBXSourcesBuildPhase;
			buildActionMask = 2147483647;
			files = (
				931AD81781FBC3CCA01D853A /* SpaceitTestTests.swift in Sources */,
			);
			runOnlyForDeploymentPostprocessing = 0;
		};
		931AD85E0F2D5B930EF26C2E /* Sources */ = {
			isa = PBXSourcesBuildPhase;
			buildActionMask = 2147483647;
			files = (
				931AD9FBE0BB4476542F11C1 /* AppDelegate.swift in Sources */,
				931AD751FBF73F33DAC1FFEA /* ViewController.swift in Sources */,
			);
			runOnlyForDeploymentPostprocessing = 0;
		};
/* End PBXSourcesBuildPhase section */

/* Begin PBXTargetDependency section */
		931ADDFE95929DD0E9932A3B /* PBXTargetDependency */ = {
			isa = PBXTargetDependency;
			target = 931AD00CD02F6A005BB1943D /* SpaceitTest */;
			targetProxy = 931ADD2AD0F930DA255CDA7F /* PBXContainerItemProxy */;
		};
/* End PBXTargetDependency section */

/* Begin PBXVariantGroup section */
		931AD05C221FDB3686CEA391 /* LaunchScreen.storyboard */ = {
			isa = PBXVariantGroup;
			children = (
				931AD8B23EF5A8F46D68AB25 /* Base */,
			);
			name = LaunchScreen.storyboard;
			sourceTree = "<group>";
		};
		931ADCE2FDBA659BB78D0CC8 /* Main.storyboard */ = {
			isa = PBXVariantGroup;
			children = (
				931ADFF8F47F7B84FFC4A3AB /* Base */,
			);
			name = Main.storyboard;
			sourceTree = "<group>";
		};
/* End PBXVariantGroup section */

/* Begin XCBuildConfiguration section */
		931AD09879BBC34108E67B12 /* Debug */ = {
			isa = XCBuildConfiguration;
			buildSettings = {
				ASSETCATALOG_COMPILER_APPICON_NAME = AppIcon;
				INFOPLIST_FILE = SpaceitTest/Info.plist;
				LD_RUNPATH_SEARCH_PATHS = "$(inherited) @executable_path/Frameworks";
				PRODUCT_BUNDLE_IDENTIFIER = eu.jkdev.SpaceitTest;
				PRODUCT_NAME = "$(TARGET_NAME)";
				SWIFT_VERSION = 4.0;
				TARGETED_DEVICE_FAMILY = "1,2";
			};
			name = Debug;
		};
		931AD0D5B8077C90D627460D /* Release */ = {
			isa = XCBuildConfiguration;
			buildSettings = {
				ALWAYS_SEARCH_USER_PATHS = NO;
				CLANG_ANALYZER_NONNULL = YES;
				CLANG_ANALYZER_NUMBER_OBJECT_CONVERSION = YES_AGGRESSIVE;
				CLANG_CXX_LANGUAGE_STANDARD = "gnu++14";
				CLANG_CXX_LIBRARY = "libc++";
				CLANG_ENABLE_MODULES = YES;
				CLANG_ENABLE_OBJC_ARC = YES;
				CLANG_ENABLE_OBJC_WEAK = YES;
				CLANG_WARN_BLOCK_CAPTURE_AUTORELEASING = YES;
				CLANG_WARN_BOOL_CONVERSION = YES;
				CLANG_WARN_COMMA = YES;
				CLANG_WARN_CONSTANT_CONVERSION = YES;
				CLANG_WARN_DEPRECATED_OBJC_IMPLEMENTATIONS = YES;
				CLANG_WARN_DIRECT_OBJC_ISA_USAGE = YES_ERROR;
				CLANG_WARN_DOCUMENTATION_COMMENTS = YES;
				CLANG_WARN_EMPTY_BODY = YES;
				CLANG_WARN_ENUM_CONVERSION = YES;
				CLANG_WARN_INFINITE_RECURSION = YES;
				CLANG_WARN_INT_CONVERSION = YES;
				CLANG_WARN_NON_LITERAL_NULL_CONVERSION = YES;
				CLANG_WARN_OBJC_IMPLICIT_RETAIN_SELF = YES;
				CLANG_WARN_OBJC_LITERAL_CONVERSION = YES;
				CLANG_WARN_OBJC_ROOT_CLASS = YES_ERROR;
				CLANG_WARN_RANGE_LOOP_ANALYSIS = YES;
				CLANG_WARN_STRICT_PROTOTYPES = YES;
				CLANG_WARN_SUSPICIOUS_MOVE = YES;
				CLANG_WARN_UNGUARDED_AVAILABILITY = YES_AGGRESSIVE;
				CLANG_WARN_UNREACHABLE_CODE = YES;
				CLANG_WARN__DUPLICATE_METHOD_MATCH = YES;
				CODE_SIGN_IDENTITY = "iPhone Developer";
				COPY_PHASE_STRIP = NO;
				DEBUG_INFORMATION_FORMAT = "dwarf-with-dsym";
				ENABLE_NS_ASSERTIONS = NO;
				ENABLE_STRICT_OBJC_MSGSEND = YES;
				GCC_C_LANGUAGE_STANDARD = gnu11;
				GCC_NO_COMMON_BLOCKS = YES;
				GCC_WARN_64_TO_32_BIT_CONVERSION = YES;
				GCC_WARN_ABOUT_RETURN_TYPE = YES_ERROR;
				GCC_WARN_UNDECLARED_SELECTOR = YES;
				GCC_WARN_UNINITIALIZED_AUTOS = YES_AGGRESSIVE;
				GCC_WARN_UNUSED_FUNCTION = YES;
				GCC_WARN_UNUSED_VARIABLE = YES;
				IPHONEOS_DEPLOYMENT_TARGET = 11.3;
				MTL_ENABLE_DEBUG_INFO = NO;
				SDKROOT = iphoneos;
				SWIFT_COMPILATION_MODE = wholemodule;
				SWIFT_OPTIMIZATION_LEVEL = "-O";
				VALIDATE_PRODUCT = YES;
			};
			name = Release;
		};
		931AD190EA977100998197E2 /* Debug */ = {
			isa = XCBuildConfiguration;
			buildSettings = {
				BUNDLE_LOADER = "$(BUILT_PRODUCTS_DIR)/SpaceitTest.app/SpaceitTest";
				INFOPLIST_FILE = SpaceitTestTests/Info.plist;
				LD_RUNPATH_SEARCH_PATHS = "$(inherited) @executable_path/Frameworks @loader_path/Frameworks";
				PRODUCT_BUNDLE_IDENTIFIER = eu.jkdev.SpaceitTestTests;
				PRODUCT_NAME = "$(TARGET_NAME)";
				SWIFT_VERSION = 4.0;
				TARGETED_DEVICE_FAMILY = "1,2";
				TEST_HOST = "$(BUNDLE_LOADER)";
			};
			name = Debug;
		};
		931AD3ABB62E96B9B22EDFDC /* Release */ = {
			isa = XCBuildConfiguration;
			buildSettings = {
				ASSETCATALOG_COMPILER_APPICON_NAME = AppIcon;
				INFOPLIST_FILE = SpaceitTest/Info.plist;
				LD_RUNPATH_SEARCH_PATHS = "$(inherited) @executable_path/Frameworks";
				PRODUCT_BUNDLE_IDENTIFIER = eu.jkdev.SpaceitTest;
				PRODUCT_NAME = "$(TARGET_NAME)";
				SWIFT_VERSION = 4.0;
				TARGETED_DEVICE_FAMILY = "1,2";
			};
			name = Release;
		};
		931AD51EB4A9C238D765FA32 /* Debug */ = {
			isa = XCBuildConfiguration;
			buildSettings = {
				ALWAYS_SEARCH_USER_PATHS = NO;
				CLANG_ANALYZER_NONNULL = YES;
				CLANG_ANALYZER_NUMBER_OBJECT_CONVERSION = YES_AGGRESSIVE;
				CLANG_CXX_LANGUAGE_STANDARD = "gnu++14";
				CLANG_CXX_LIBRARY = "libc++";
				CLANG_ENABLE_MODULES = YES;
				CLANG_ENABLE_OBJC_ARC = YES;
				CLANG_ENABLE_OBJC_WEAK = YES;
				CLANG_WARN_BLOCK_CAPTURE_AUTORELEASING = YES;
				CLANG_WARN_BOOL_CONVERSION = YES;
				CLANG_WARN_COMMA = YES;
				CLANG_WARN_CONSTANT_CONVERSION = YES;
				CLANG_WARN_DEPRECATED_OBJC_IMPLEMENTATIONS = YES;
				CLANG_WARN_DIRECT_OBJC_ISA_USAGE = YES_ERROR;
				CLANG_WARN_DOCUMENTATION_COMMENTS = YES;
				CLANG_WARN_EMPTY_BODY = YES;
				CLANG_WARN_ENUM_CONVERSION = YES;
				CLANG_WARN_INFINITE_RECURSION = YES;
				CLANG_WARN_INT_CONVERSION = YES;
				CLANG_WARN_NON_LITERAL_NULL_CONVERSION = YES;
				CLANG_WARN_OBJC_IMPLICIT_RETAIN_SELF = YES;
				CLANG_WARN_OBJC_LITERAL_CONVERSION = YES;
				CLANG_WARN_OBJC_ROOT_CLASS = YES_ERROR;
				CLANG_WARN_RANGE_LOOP_ANALYSIS = YES;
				CLANG_WARN_STRICT_PROTOTYPES = YES;
				CLANG_WARN_SUSPICIOUS_MOVE = YES;
				CLANG_WARN_UNGUARDED_AVAILABILITY = YES_AGGRESSIVE;
				CLANG_WARN_UNREACHABLE_CODE = YES;
				CLANG_WARN__DUPLICATE_METHOD_MATCH = YES;
				CODE_SIGN_IDENTITY = "iPhone Developer";
				COPY_PHASE_STRIP = NO;
				DEBUG_INFORMATION_FORMAT = dwarf;
				ENABLE_STRICT_OBJC_MSGSEND = YES;
				ENABLE_TESTABILITY = YES;
				GCC_C_LANGUAGE_STANDARD = gnu11;
				GCC_DYNAMIC_NO_PIC = NO;
				GCC_NO_COMMON_BLOCKS = YES;
				GCC_OPTIMIZATION_LEVEL = 0;
				GCC_PREPROCESSOR_DEFINITIONS = (
					"DEBUG=1",
					"$(inherited)",
				);
				GCC_WARN_64_TO_32_BIT_CONVERSION = YES;
				GCC_WARN_ABOUT_RETURN_TYPE = YES_ERROR;
				GCC_WARN_UNDECLARED_SELECTOR = YES;
				GCC_WARN_UNINITIALIZED_AUTOS = YES_AGGRESSIVE;
				GCC_WARN_UNUSED_FUNCTION = YES;
				GCC_WARN_UNUSED_VARIABLE = YES;
				IPHONEOS_DEPLOYMENT_TARGET = 11.3;
				MTL_ENABLE_DEBUG_INFO = YES;
				ONLY_ACTIVE_ARCH = YES;
				SDKROOT = iphoneos;
				SWIFT_ACTIVE_COMPILATION_CONDITIONS = DEBUG;
				SWIFT_OPTIMIZATION_LEVEL = "-Onone";
			};
			name = Debug;
		};
		931ADA75C3846B92A96F5A5E /* Release */ = {
			isa = XCBuildConfiguration;
			buildSettings = {
				BUNDLE_LOADER = "$(BUILT_PRODUCTS_DIR)/SpaceitTest.app/SpaceitTest";
				INFOPLIST_FILE = SpaceitTestTests/Info.plist;
				LD_RUNPATH_SEARCH_PATHS = "$(inherited) @executable_path/Frameworks @loader_path/Frameworks";
				PRODUCT_BUNDLE_IDENTIFIER = eu.jkdev.SpaceitTestTests;
				PRODUCT_NAME = "$(TARGET_NAME)";
				SWIFT_VERSION = 4.0;
				TARGETED_DEVICE_FAMILY = "1,2";
				TEST_HOST = "$(BUNDLE_LOADER)";
			};
			name = Release;
		};
/* End XCBuildConfiguration section */

/* Begin XCConfigurationList section */
		931AD05A51A67F175901116C /* Build configuration list for PBXNativeTarget "SpaceitTest" */ = {
			isa = XCConfigurationList;
			buildConfigurations = (
				931AD09879BBC34108E67B12 /* Debug */,
				931AD3ABB62E96B9B22EDFDC /* Release */,
			);
			defaultConfigurationIsVisible = 0;
		};
		931AD967571221AF22104046 /* Build configuration list for PBXProject "SpaceitTest" */ = {
			isa = XCConfigurationList;
			buildConfigurations = (
				931AD51EB4A9C238D765FA32 /* Debug */,
				931AD0D5B8077C90D627460D /* Release */,
			);
			defaultConfigurationIsVisible = 0;
			defaultConfigurationName = Release;
		};
		931ADFE49971203CD03D510D /* Build configuration list for PBXNativeTarget "SpaceitTestTests" */ = {
			isa = XCConfigurationList;
			buildConfigurations = (
				931AD190EA977100998197E2 /* Debug */,
				931ADA75C3846B92A96F5A5E /* Release */,
			);
			defaultConfigurationIsVisible = 0;
		};
/* End XCConfigurationList section */
	};
	rootObject = 931ADDD371AA7E7E3033DF50 /* Project object */;
}
