PODS:
  - Alamofire (4.7.2)
  - Mapbox-iOS-SDK (4.0.2)
  - MaterialComponents/AnimationTiming (55.4.0)
  - MaterialComponents/Buttons (55.4.0):
    - MaterialComponents/Ink
    - MaterialComponents/private/Math
    - MaterialComponents/private/Shapes
    - MaterialComponents/ShadowElevations
    - MaterialComponents/ShadowLayer
    - MaterialComponents/Typography
    - MDFInternationalization
    - MDFTextAccessibility
  - MaterialComponents/Ink (55.4.0):
    - MaterialComponents/private/Math
  - MaterialComponents/OverlayWindow (55.4.0):
    - MaterialComponents/private/Application
  - MaterialComponents/private/Application (55.4.0)
  - MaterialComponents/private/KeyboardWatcher (55.4.0):
    - MaterialComponents/private/Application
  - MaterialComponents/private/Math (55.4.0)
  - MaterialComponents/private/Overlay (55.4.0)
  - MaterialComponents/private/Shapes (55.4.0):
    - MaterialComponents/private/Math
    - MaterialComponents/ShadowLayer
  - MaterialComponents/ShadowElevations (55.4.0)
  - MaterialComponents/ShadowLayer (55.4.0):
    - MaterialComponents/ShadowElevations
  - MaterialComponents/Snackbar (55.4.0):
    - MaterialComponents/AnimationTiming
    - MaterialComponents/Buttons
    - MaterialComponents/OverlayWindow
    - MaterialComponents/private/Application
    - MaterialComponents/private/KeyboardWatcher
    - MaterialComponents/private/Overlay
    - MaterialComponents/Typography
  - MaterialComponents/Typography (55.4.0):
    - MaterialComponents/private/Application
  - MDFInternationalization (1.0.4)
  - MDFTextAccessibility (1.2.0)
  - Nimble (7.1.2)
  - Quick (1.3.0)
  - Realm (3.7.1):
    - Realm/Headers (= 3.7.1)
  - Realm/Headers (3.7.1)
  - RealmSwift (3.7.1):
    - Realm (= 3.7.1)
  - Reveal-SDK (15)
  - SnapKit (4.0.0)

DEPENDENCIES:
  - Alamofire (~> 4.0)
  - Mapbox-iOS-SDK (~> 4.0)
  - MaterialComponents/AnimationTiming
  - MaterialComponents/ShadowElevations
  - MaterialComponents/ShadowLayer
  - MaterialComponents/Snackbar
  - Nimble
  - Quick
  - RealmSwift (~> 3.6)
  - Reveal-SDK
  - SnapKit (~> 4.0)

SPEC REPOS:
  https://github.com/cocoapods/specs.git:
    - Alamofire
    - Mapbox-iOS-SDK
    - MaterialComponents
    - MDFInternationalization
    - MDFTextAccessibility
    - Nimble
    - Quick
    - Realm
    - RealmSwift
    - Reveal-SDK
    - SnapKit

SPEC CHECKSUMS:
  Alamofire: e4fa87002c137ba2d8d634d2c51fabcda0d5c223
  Mapbox-iOS-SDK: 02b15b70167d54b45fdc059737672a3a68cd780f
  MaterialComponents: 1a021ab211e40e95e27eb87d9051d558e8f095bd
  MDFInternationalization: e355b0cebecf53d60233bd267084e49366c82513
  MDFTextAccessibility: 94098925e0853551c5a311ce7c1ecefbe297cdb6
  Nimble: 3835ba9f459daa6b347f8a8e110aaae8ca1920a8
  Quick: 03278013f71aa05fe9ecabc94fbcc6835f1ee76f
  Realm: 906be37d52f17f25484ac01643a7f26a9d3bfbd5
  RealmSwift: 1c2b6bae3dc55bb87e080ffa96537d71442f6dce
  Reveal-SDK: 25e21896c478b60b948f876043f91570d368d23d
  SnapKit: a42d492c16e80209130a3379f73596c3454b7694

PODFILE CHECKSUM: e483d6065f430a509ac358d82c3658c1e2adf3f0

COCOAPODS: 1.5.3
