PODS:
  - Alamofire (4.7.2)
  - Mapbox-iOS-SDK (4.0.2)
  - Nimble (7.1.1)
  - Quick (1.3.0)
  - Realm (3.6.0):
    - Realm/Headers (= 3.6.0)
  - Realm/Headers (3.6.0)
  - RealmSwift (3.6.0):
    - Realm (= 3.6.0)
  - Reveal-SDK (15)
  - SnapKit (4.0.0)

DEPENDENCIES:
  - Alamofire (~> 4.0)
  - Mapbox-iOS-SDK (~> 4.0)
  - Nimble
  - Quick
  - RealmSwift (~> 3.6)
  - Reveal-SDK
  - SnapKit (~> 4.0)

SPEC REPOS:
  https://github.com/cocoapods/specs.git:
    - Alamofire
    - Mapbox-iOS-SDK
    - Nimble
    - Quick
    - Realm
    - RealmSwift
    - Reveal-SDK
    - SnapKit

SPEC CHECKSUMS:
  Alamofire: e4fa87002c137ba2d8d634d2c51fabcda0d5c223
  Mapbox-iOS-SDK: 02b15b70167d54b45fdc059737672a3a68cd780f
  Nimble: 391f07782af4b37914f9bd7b2ffbb952731b8202
  Quick: 03278013f71aa05fe9ecabc94fbcc6835f1ee76f
  Realm: 08b464b462d4f31bbd4ba5f5a1c8722ef0a700b7
  RealmSwift: 973e1499c44ab571f894c2c908e2db450be280c3
  Reveal-SDK: 25e21896c478b60b948f876043f91570d368d23d
  SnapKit: a42d492c16e80209130a3379f73596c3454b7694

PODFILE CHECKSUM: 42c9a908b94328b9ab9af1114d27cc11326bc1ef

COCOAPODS: 1.5.3
