<?xml version="1.0" encoding="UTF-8"?>
<Scheme
   version = "1.3">
   <BuildAction>
      <BuildActionEntries>
         <BuildActionEntry
            buildForRunning = "YES">
            <BuildableReference
               BuildableIdentifier = "primary"
               BlueprintIdentifier = "931AD00CD02F6A005BB1943D"
               BuildableName = "SpaceitTest.app"
               BlueprintName = "SpaceitTest"
               ReferencedContainer = "container:SpaceitTest.xcodeproj">
            </BuildableReference>
         </BuildActionEntry>
      </BuildActionEntries>
   </BuildAction>
   <LaunchAction
      useCustomWorkingDirectory = "NO"
      buildConfiguration = "Debug"
      allowLocationSimulation = "YES">
      <BuildableProductRunnable>
         <BuildableReference
            BuildableIdentifier = "primary"
            BlueprintIdentifier = "931AD00CD02F6A005BB1943D"
            BuildableName = "SpaceitTest.app"
            BlueprintName = "SpaceitTest"
            ReferencedContainer = "container:SpaceitTest.xcodeproj">
         </BuildableReference>
      </BuildableProductRunnable>
   </LaunchAction>
</Scheme>
